
Microsoft Visual Studio Solution File, Format Version 12.00
# Visual Studio 15
VisualStudioVersion = 15.0.28307.757
MinimumVisualStudioVersion = 10.0.40219.1
Project("{FAE04EC0-301F-11D3-BF4B-00C04F79EFBC}") = "Battleships.Logic", "Battleships.Logic\Battleships.Logic.csproj", "{DD5AE2AA-4073-4CBA-BFE6-3ED1D9A7C55F}"
EndProject
Project("{FAE04EC0-301F-11D3-BF4B-00C04F79EFBC}") = "Battleships.Console", "Battleships.Console\Battleships.Console.csproj", "{DD8584E7-49EB-4F84-BAFB-FBB7EE830E6C}"
EndProject
Project("{FAE04EC0-301F-11D3-BF4B-00C04F79EFBC}") = "Battleships.Console.Tests", "Battleships.Console.Tests\Battleships.Console.Tests.csproj", "{4FCA4277-A2D1-4523-87AE-78B75EA28634}"
EndProject
Project("{FAE04EC0-301F-11D3-BF4B-00C04F79EFBC}") = "Battleships.Logic.Tests", "Battleships.Logic.Tests\Battleships.Logic.Tests.csproj", "{B78B2BC8-CEF9-4BD7-B893-E17E06EE1938}"
EndProject
Project("{2150E333-8FDC-42A3-9474-1A3956D46DE8}") = "Solution Items", "Solution Items", "{40AE2CBF-D1B7-40C3-B926-468D16FE91D2}"
	ProjectSection(SolutionItems) = preProject
		README.md = README.md
	EndProjectSection
EndProject
Global
	GlobalSection(SolutionConfigurationPlatforms) = preSolution
		Debug|Any CPU = Debug|Any CPU
		Release|Any CPU = Release|Any CPU
	EndGlobalSection
	GlobalSection(ProjectConfigurationPlatforms) = postSolution
		{DD5AE2AA-4073-4CBA-BFE6-3ED1D9A7C55F}.Debug|Any CPU.ActiveCfg = Debug|Any CPU
		{DD5AE2AA-4073-4CBA-BFE6-3ED1D9A7C55F}.Debug|Any CPU.Build.0 = Debug|Any CPU
		{DD5AE2AA-4073-4CBA-BFE6-3ED1D9A7C55F}.Release|Any CPU.ActiveCfg = Release|Any CPU
		{DD5AE2AA-4073-4CBA-BFE6-3ED1D9A7C55F}.Release|Any CPU.Build.0 = Release|Any CPU
		{DD8584E7-49EB-4F84-BAFB-FBB7EE830E6C}.Debug|Any CPU.ActiveCfg = Debug|Any CPU
		{DD8584E7-49EB-4F84-BAFB-FBB7EE830E6C}.Debug|Any CPU.Build.0 = Debug|Any CPU
		{DD8584E7-49EB-4F84-BAFB-FBB7EE830E6C}.Release|Any CPU.ActiveCfg = Release|Any CPU
		{DD8584E7-49EB-4F84-BAFB-FBB7EE830E6C}.Release|Any CPU.Build.0 = Release|Any CPU
		{4FCA4277-A2D1-4523-87AE-78B75EA28634}.Debug|Any CPU.ActiveCfg = Debug|Any CPU
		{4FCA4277-A2D1-4523-87AE-78B75EA28634}.Debug|Any CPU.Build.0 = Debug|Any CPU
		{4FCA4277-A2D1-4523-87AE-78B75EA28634}.Release|Any CPU.ActiveCfg = Release|Any CPU
		{4FCA4277-A2D1-4523-87AE-78B75EA28634}.Release|Any CPU.Build.0 = Release|Any CPU
		{B78B2BC8-CEF9-4BD7-B893-E17E06EE1938}.Debug|Any CPU.ActiveCfg = Debug|Any CPU
		{B78B2BC8-CEF9-4BD7-B893-E17E06EE1938}.Debug|Any CPU.Build.0 = Debug|Any CPU
		{B78B2BC8-CEF9-4BD7-B893-E17E06EE1938}.Release|Any CPU.ActiveCfg = Release|Any CPU
		{B78B2BC8-CEF9-4BD7-B893-E17E06EE1938}.Release|Any CPU.Build.0 = Release|Any CPU
	EndGlobalSection
	GlobalSection(SolutionProperties) = preSolution
		HideSolutionNode = FALSE
	EndGlobalSection
	GlobalSection(ExtensibilityGlobals) = postSolution
		SolutionGuid = {C8386FB3-6194-4E22-B696-D1DCA16C5327}
	EndGlobalSection
EndGlobal
